
Microsoft Visual Studio Solution File, Format Version 12.00
# Visual Studio Version 16
VisualStudioVersion = 16.0.32106.194
MinimumVisualStudioVersion = 10.0.40219.1
Project("{FAE04EC0-301F-11D3-BF4B-00C04F79EFBC}") = "Lab_16", "Lab_16\Lab_16.csproj", "{A194D365-A444-49E3-823F-B3266D639792}"
EndProject
Project("{FAE04EC0-301F-11D3-BF4B-00C04F79EFBC}") = "Lab_16_2", "Lab_16_2\Lab_16_2.csproj", "{896D815F-8E24-4C54-913B-A01A89543858}"
EndProject
Global
	GlobalSection(SolutionConfigurationPlatforms) = preSolution
		Debug|Any CPU = Debug|Any CPU
		Release|Any CPU = Release|Any CPU
	EndGlobalSection
	GlobalSection(ProjectConfigurationPlatforms) = postSolution
		{A194D365-A444-49E3-823F-B3266D639792}.Debug|Any CPU.ActiveCfg = Debug|Any CPU
		{A194D365-A444-49E3-823F-B3266D639792}.Debug|Any CPU.Build.0 = Debug|Any CPU
		{A194D365-A444-49E3-823F-B3266D639792}.Release|Any CPU.ActiveCfg = Release|Any CPU
		{A194D365-A444-49E3-823F-B3266D639792}.Release|Any CPU.Build.0 = Release|Any CPU
		{896D815F-8E24-4C54-913B-A01A89543858}.Debug|Any CPU.ActiveCfg = Debug|Any CPU
		{896D815F-8E24-4C54-913B-A01A89543858}.Debug|Any CPU.Build.0 = Debug|Any CPU
		{896D815F-8E24-4C54-913B-A01A89543858}.Release|Any CPU.ActiveCfg = Release|Any CPU
		{896D815F-8E24-4C54-913B-A01A89543858}.Release|Any CPU.Build.0 = Release|Any CPU
	EndGlobalSection
	GlobalSection(SolutionProperties) = preSolution
		HideSolutionNode = FALSE
	EndGlobalSection
	GlobalSection(ExtensibilityGlobals) = postSolution
		SolutionGuid = {D2C6A628-B245-4DBC-BDED-D67843398018}
	EndGlobalSection
EndGlobal
